
Microsoft Visual Studio Solution File, Format Version 12.00
# Visual Studio Version 16
VisualStudioVersion = 16.0.30711.63
MinimumVisualStudioVersion = 10.0.40219.1
Project("{FAE04EC0-301F-11D3-BF4B-00C04F79EFBC}") = "lab2", "lab2\lab2.csproj", "{280E570C-7638-40B9-8699-6688F1EE9B2F}"
EndProject
Global
	GlobalSection(SolutionConfigurationPlatforms) = preSolution
		Debug|Any CPU = Debug|Any CPU
		Release|Any CPU = Release|Any CPU
	EndGlobalSection
	GlobalSection(ProjectConfigurationPlatforms) = postSolution
		{280E570C-7638-40B9-8699-6688F1EE9B2F}.Debug|Any CPU.ActiveCfg = Debug|Any CPU
		{280E570C-7638-40B9-8699-6688F1EE9B2F}.Debug|Any CPU.Build.0 = Debug|Any CPU
		{280E570C-7638-40B9-8699-6688F1EE9B2F}.Release|Any CPU.ActiveCfg = Release|Any CPU
		{280E570C-7638-40B9-8699-6688F1EE9B2F}.Release|Any CPU.Build.0 = Release|Any CPU
	EndGlobalSection
	GlobalSection(SolutionProperties) = preSolution
		HideSolutionNode = FALSE
	EndGlobalSection
	GlobalSection(ExtensibilityGlobals) = postSolution
		SolutionGuid = {F2E8998B-9DD9-440F-8937-36D965179AE7}
	EndGlobalSection
EndGlobal
